
Microsoft Visual Studio Solution File, Format Version 12.00
# Visual Studio 2017
Project("{FAE04EC0-301F-11D3-BF4B-00C04F79EFBC}") = "ROS-Comms", "ROS-Comms.csproj", "{2A90BC2B-EBB1-ABE0-627A-EF3E5C9015EE}"
EndProject
Project("{FAE04EC0-301F-11D3-BF4B-00C04F79EFBC}") = "ROS-Comms.Editor", "ROS-Comms.Editor.csproj", "{DE19985A-68AF-122C-3470-F9C3565D97E6}"
EndProject
Global
	GlobalSection(SolutionConfigurationPlatforms) = preSolution
		Debug|Any CPU = Debug|Any CPU
		Release|Any CPU = Release|Any CPU
	EndGlobalSection
	GlobalSection(ProjectConfigurationPlatforms) = postSolution
		{2A90BC2B-EBB1-ABE0-627A-EF3E5C9015EE}.Debug|Any CPU.ActiveCfg = Debug|Any CPU
		{2A90BC2B-EBB1-ABE0-627A-EF3E5C9015EE}.Debug|Any CPU.Build.0 = Debug|Any CPU
		{2A90BC2B-EBB1-ABE0-627A-EF3E5C9015EE}.Release|Any CPU.ActiveCfg = Release|Any CPU
		{2A90BC2B-EBB1-ABE0-627A-EF3E5C9015EE}.Release|Any CPU.Build.0 = Release|Any CPU
		{DE19985A-68AF-122C-3470-F9C3565D97E6}.Debug|Any CPU.ActiveCfg = Debug|Any CPU
		{DE19985A-68AF-122C-3470-F9C3565D97E6}.Debug|Any CPU.Build.0 = Debug|Any CPU
		{DE19985A-68AF-122C-3470-F9C3565D97E6}.Release|Any CPU.ActiveCfg = Release|Any CPU
		{DE19985A-68AF-122C-3470-F9C3565D97E6}.Release|Any CPU.Build.0 = Release|Any CPU
	EndGlobalSection
	GlobalSection(SolutionProperties) = preSolution
		HideSolutionNode = FALSE
	EndGlobalSection
EndGlobal
